
Microsoft Visual Studio Solution File, Format Version 12.00
# Visual Studio Version 16
VisualStudioVersion = 16.0.34729.46
MinimumVisualStudioVersion = 10.0.40219.1
Project("{FAE04EC0-301F-11D3-BF4B-00C04F79EFBC}") = "jegyre", "jegyre\jegyre.csproj", "{54F5A038-7476-4334-86B4-D0CE89AC6970}"
EndProject
Global
	GlobalSection(SolutionConfigurationPlatforms) = preSolution
		Debug|Any CPU = Debug|Any CPU
		Release|Any CPU = Release|Any CPU
	EndGlobalSection
	GlobalSection(ProjectConfigurationPlatforms) = postSolution
		{54F5A038-7476-4334-86B4-D0CE89AC6970}.Debug|Any CPU.ActiveCfg = Debug|Any CPU
		{54F5A038-7476-4334-86B4-D0CE89AC6970}.Debug|Any CPU.Build.0 = Debug|Any CPU
		{54F5A038-7476-4334-86B4-D0CE89AC6970}.Release|Any CPU.ActiveCfg = Release|Any CPU
		{54F5A038-7476-4334-86B4-D0CE89AC6970}.Release|Any CPU.Build.0 = Release|Any CPU
	EndGlobalSection
	GlobalSection(SolutionProperties) = preSolution
		HideSolutionNode = FALSE
	EndGlobalSection
	GlobalSection(ExtensibilityGlobals) = postSolution
		SolutionGuid = {6A35DF00-5FE3-4BA3-BC38-DDDA9973B55E}
	EndGlobalSection
EndGlobal
